# This file is automatically @generated by Poetry 1.6.1 and should not be changed by hand.

[[package]]
name = "flake8"
version = "6.1.0"
description = "the modular source code checker: pep8 pyflakes and co"
optional = false
python-versions = ">=3.8.1"
files = [
    {file = "flake8-6.1.0-py2.py3-none-any.whl", hash = "sha256:ffdfce58ea94c6580c77888a86506937f9a1a227dfcd15f245d694ae20a6b6e5"},
    {file = "flake8-6.1.0.tar.gz", hash = "sha256:d5b3857f07c030bdb5bf41c7f53799571d75c4491748a3adcd47de929e34cd23"},
]

[package.dependencies]
mccabe = ">=0.7.0,<0.8.0"
pycodestyle = ">=2.11.0,<2.12.0"
pyflakes = ">=3.1.0,<3.2.0"

[[package]]
name = "flake8-import-order"
version = "0.18.2"
description = "Flake8 and pylama plugin that checks the ordering of import statements."
optional = false
python-versions = "*"
files = [
    {file = "flake8-import-order-0.18.2.tar.gz", hash = "sha256:e23941f892da3e0c09d711babbb0c73bc735242e9b216b726616758a920d900e"},
    {file = "flake8_import_order-0.18.2-py2.py3-none-any.whl", hash = "sha256:82ed59f1083b629b030ee9d3928d9e06b6213eb196fe745b3a7d4af2168130df"},
]

[package.dependencies]
pycodestyle = "*"
setuptools = "*"

[[package]]
name = "jax"
version = "0.4.16"
description = "Differentiate, compile, and transform Numpy code."
optional = false
python-versions = ">=3.9"
files = [
    {file = "jax-0.4.16-py3-none-any.whl", hash = "sha256:c37d8eee6dec3763d9428fdf318a9351369f19ceaa174b11696b3d7960a43d5b"},
    {file = "jax-0.4.16.tar.gz", hash = "sha256:e2ca82c9bf973c2c1c01f5340a583692b31f277aa3abd0544229c1fe5fa44b02"},
]

[package.dependencies]
ml-dtypes = ">=0.2.0"
numpy = ">=1.22"
opt-einsum = "*"
scipy = ">=1.7"

[package.extras]
australis = ["protobuf (>=3.13,<4)"]
ci = ["jaxlib (==0.4.14)"]
cpu = ["jaxlib (==0.4.16)"]
cuda = ["jaxlib (==0.4.16+cuda11.cudnn86)"]
cuda11-cudnn86 = ["jaxlib (==0.4.16+cuda11.cudnn86)"]
cuda11-local = ["jaxlib (==0.4.16+cuda11.cudnn86)"]
cuda11-pip = ["jaxlib (==0.4.16+cuda11.cudnn86)", "nvidia-cublas-cu11 (>=11.11)", "nvidia-cuda-cupti-cu11 (>=11.8)", "nvidia-cuda-nvcc-cu11 (>=11.8)", "nvidia-cuda-runtime-cu11 (>=11.8)", "nvidia-cudnn-cu11 (>=8.8)", "nvidia-cufft-cu11 (>=10.9)", "nvidia-cusolver-cu11 (>=11.4)", "nvidia-cusparse-cu11 (>=11.7)"]
cuda12-local = ["jaxlib (==0.4.16+cuda12.cudnn89)"]
cuda12-pip = ["jaxlib (==0.4.16+cuda12.cudnn89)", "nvidia-cublas-cu12", "nvidia-cuda-cupti-cu12", "nvidia-cuda-nvcc-cu12", "nvidia-cuda-runtime-cu12", "nvidia-cudnn-cu12 (>=8.9)", "nvidia-cufft-cu12", "nvidia-cusolver-cu12", "nvidia-cusparse-cu12"]
minimum-jaxlib = ["jaxlib (==0.4.14)"]
tpu = ["jaxlib (==0.4.16)", "libtpu-nightly (==0.1.dev20230918)", "requests"]

[[package]]
name = "jaxlib"
version = "0.4.16"
description = "XLA library for JAX"
optional = false
python-versions = ">=3.9"
files = [
    {file = "jaxlib-0.4.16-cp310-cp310-macosx_10_14_x86_64.whl", hash = "sha256:c790eab261ea11bec397b767c53e4dd25df418ab7938f669ab71c65fd3052a6a"},
    {file = "jaxlib-0.4.16-cp310-cp310-macosx_11_0_arm64.whl", hash = "sha256:206da90ae8bf623f8b0cc6d0c01565bbbca5da596a9dac4ccf3fccb41bc1afa5"},
    {file = "jaxlib-0.4.16-cp310-cp310-manylinux2014_x86_64.whl", hash = "sha256:e17c9a0e728432101b7cf12f3774420c48d74d66ce2fab56ad397261e89ba15b"},
    {file = "jaxlib-0.4.16-cp310-cp310-win_amd64.whl", hash = "sha256:b9c1acbaf9bdeafe67c9efe7a7c85e7c7b6266185120fce1ce9156ddab468cd8"},
    {file = "jaxlib-0.4.16-cp311-cp311-macosx_10_14_x86_64.whl", hash = "sha256:82a8be6107db8590218e59078a770cdc3eb96153a394d6b38c61317c9e91d48d"},
    {file = "jaxlib-0.4.16-cp311-cp311-macosx_11_0_arm64.whl", hash = "sha256:d249b28219a560fe0b145670c3d71869607d8af5495f974463642c514531e008"},
    {file = "jaxlib-0.4.16-cp311-cp311-manylinux2014_x86_64.whl", hash = "sha256:55e45e7af59909a8385b10e9d7072aab1dcb77eb65a16c63fe86b7344ee1543a"},
    {file = "jaxlib-0.4.16-cp311-cp311-win_amd64.whl", hash = "sha256:e19626b8b7ca286065a335be9d77494e70b051500045fe97b0009d0ed5c0c455"},
    {file = "jaxlib-0.4.16-cp39-cp39-macosx_10_14_x86_64.whl", hash = "sha256:e6cbd9e161bb340b2fef04430954a3783247ee45e4170cb768b74098f779d286"},
    {file = "jaxlib-0.4.16-cp39-cp39-macosx_11_0_arm64.whl", hash = "sha256:dff0870685127a89991a511039588b034379d4c92709bacd60c286b482d22eb6"},
    {file = "jaxlib-0.4.16-cp39-cp39-manylinux2014_x86_64.whl", hash = "sha256:e402c7e652a802ed67bbbd7f3ffc1ef76dc9c92e269e273d1e9a3a9098e297ca"},
    {file = "jaxlib-0.4.16-cp39-cp39-win_amd64.whl", hash = "sha256:a5cdb37690e6bf31a29a3967f9f51c2ca22c35f81e525be15669e5f17784309e"},
]

[package.dependencies]
ml-dtypes = ">=0.2.0"
numpy = ">=1.22"
scipy = ">=1.7"

[package.extras]
cuda11-pip = ["nvidia-cublas-cu11 (>=11.11)", "nvidia-cuda-cupti-cu11 (>=11.8)", "nvidia-cuda-nvcc-cu11 (>=11.8)", "nvidia-cuda-runtime-cu11 (>=11.8)", "nvidia-cudnn-cu11 (>=8.8)", "nvidia-cufft-cu11 (>=10.9)", "nvidia-cusolver-cu11 (>=11.4)", "nvidia-cusparse-cu11 (>=11.7)"]
cuda12-pip = ["nvidia-cublas-cu12", "nvidia-cuda-cupti-cu12", "nvidia-cuda-nvcc-cu12", "nvidia-cuda-runtime-cu12", "nvidia-cudnn-cu12 (>=8.9)", "nvidia-cufft-cu12", "nvidia-cusolver-cu12", "nvidia-cusparse-cu12"]

[[package]]
name = "mccabe"
version = "0.7.0"
description = "McCabe checker, plugin for flake8"
optional = false
python-versions = ">=3.6"
files = [
    {file = "mccabe-0.7.0-py2.py3-none-any.whl", hash = "sha256:6c2d30ab6be0e4a46919781807b4f0d834ebdd6c6e3dca0bda5a15f863427b6e"},
    {file = "mccabe-0.7.0.tar.gz", hash = "sha256:348e0240c33b60bbdf4e523192ef919f28cb2c3d7d5c7794f74009290f236325"},
]

[[package]]
name = "ml-dtypes"
version = "0.2.0"
description = ""
optional = false
python-versions = ">=3.7"
files = [
    {file = "ml_dtypes-0.2.0-cp310-cp310-macosx_10_9_universal2.whl", hash = "sha256:df6a76e1c8adf484feb138ed323f9f40a7b6c21788f120f7c78bec20ac37ee81"},
    {file = "ml_dtypes-0.2.0-cp310-cp310-manylinux_2_17_aarch64.manylinux2014_aarch64.whl", hash = "sha256:bc29a0524ef5e23a7fbb8d881bdecabeb3fc1d19d9db61785d077a86cb94fab2"},
    {file = "ml_dtypes-0.2.0-cp310-cp310-manylinux_2_17_x86_64.manylinux2014_x86_64.whl", hash = "sha256:f08c391c2794f2aad358e6f4c70785a9a7b1df980ef4c232b3ccd4f6fe39f719"},
    {file = "ml_dtypes-0.2.0-cp310-cp310-win_amd64.whl", hash = "sha256:75015818a7fccf99a5e8ed18720cb430f3e71a8838388840f4cdf225c036c983"},
    {file = "ml_dtypes-0.2.0-cp311-cp311-macosx_10_9_universal2.whl", hash = "sha256:e70047ec2c83eaee01afdfdabee2c5b0c133804d90d0f7db4dd903360fcc537c"},
    {file = "ml_dtypes-0.2.0-cp311-cp311-manylinux_2_17_aarch64.manylinux2014_aarch64.whl", hash = "sha256:36d28b8861a8931695e5a31176cad5ae85f6504906650dea5598fbec06c94606"},
    {file = "ml_dtypes-0.2.0-cp311-cp311-manylinux_2_17_x86_64.manylinux2014_x86_64.whl", hash = "sha256:e85ba8e24cf48d456e564688e981cf379d4c8e644db0a2f719b78de281bac2ca"},
    {file = "ml_dtypes-0.2.0-cp311-cp311-win_amd64.whl", hash = "sha256:832a019a1b6db5c4422032ca9940a990fa104eee420f643713241b3a518977fa"},
    {file = "ml_dtypes-0.2.0-cp38-cp38-macosx_10_9_universal2.whl", hash = "sha256:8faaf0897942c8253dd126662776ba45f0a5861968cf0f06d6d465f8a7bc298a"},
    {file = "ml_dtypes-0.2.0-cp38-cp38-manylinux_2_17_aarch64.manylinux2014_aarch64.whl", hash = "sha256:35b984cddbe8173b545a0e3334fe56ea1a5c3eb67c507f60d0cfde1d3fa8f8c2"},
    {file = "ml_dtypes-0.2.0-cp38-cp38-manylinux_2_17_x86_64.manylinux2014_x86_64.whl", hash = "sha256:022d5a4ee6be14569c2a9d1549e16f1ec87ca949681d0dca59995445d5fcdd5b"},
    {file = "ml_dtypes-0.2.0-cp38-cp38-win_amd64.whl", hash = "sha256:50845af3e9a601810751b55091dee6c2562403fa1cb4e0123675cf3a4fc2c17a"},
    {file = "ml_dtypes-0.2.0-cp39-cp39-macosx_10_9_universal2.whl", hash = "sha256:f00c71c8c63e03aff313bc6a7aeaac9a4f1483a921a6ffefa6d4404efd1af3d0"},
    {file = "ml_dtypes-0.2.0-cp39-cp39-manylinux_2_17_aarch64.manylinux2014_aarch64.whl", hash = "sha256:80d304c836d73f10605c58ccf7789c171cc229bfb678748adfb7cea2510dfd0e"},
    {file = "ml_dtypes-0.2.0-cp39-cp39-manylinux_2_17_x86_64.manylinux2014_x86_64.whl", hash = "sha256:32107e7fa9f62db9a5281de923861325211dfff87bd23faefb27b303314635ab"},
    {file = "ml_dtypes-0.2.0-cp39-cp39-win_amd64.whl", hash = "sha256:1749b60348da71fd3c2ab303fdbc1965958dc50775ead41f5669c932a341cafd"},
    {file = "ml_dtypes-0.2.0.tar.gz", hash = "sha256:6488eb642acaaf08d8020f6de0a38acee7ac324c1e6e92ee0c0fea42422cb797"},
]

[package.dependencies]
numpy = {version = ">=1.23.3", markers = "python_version > \"3.10\""}

[package.extras]
dev = ["absl-py", "pyink", "pylint (>=2.6.0)", "pytest", "pytest-xdist"]

[[package]]
name = "ml-dtypes"
version = "0.3.1"
description = ""
optional = false
python-versions = ">=3.9"
files = [
    {file = "ml_dtypes-0.3.1-cp310-cp310-macosx_10_9_universal2.whl", hash = "sha256:510d249a91face47211762eb294d6fe64f325356b965fb6388c1bf51bd339267"},
    {file = "ml_dtypes-0.3.1-cp310-cp310-manylinux_2_17_aarch64.manylinux2014_aarch64.whl", hash = "sha256:f83ff080df8910c0f987f615b03e4f8198638e0c00c6e679ea8892dda909763b"},
    {file = "ml_dtypes-0.3.1-cp310-cp310-manylinux_2_17_x86_64.manylinux2014_x86_64.whl", hash = "sha256:fcae2c69715410d96906e1dfe8f017d9f78a0d10e0df91aae52e91f51fdfe45e"},
    {file = "ml_dtypes-0.3.1-cp310-cp310-win_amd64.whl", hash = "sha256:da274599e4950a9b488d21571061f49a185537cc77f2d3f8121151d58a9e9f16"},
    {file = "ml_dtypes-0.3.1-cp311-cp311-macosx_10_9_universal2.whl", hash = "sha256:5e0b0b6bb07fa5ad11bb61d174667176bee5e05857225067aabfc5adc1b51d23"},
    {file = "ml_dtypes-0.3.1-cp311-cp311-manylinux_2_17_aarch64.manylinux2014_aarch64.whl", hash = "sha256:5727effa7650f7ab10906542d137cfb3244fdc3b2b519beff42f82def8ba59be"},
    {file = "ml_dtypes-0.3.1-cp311-cp311-manylinux_2_17_x86_64.manylinux2014_x86_64.whl", hash = "sha256:42a8980afd8b7c8e270e8b5c260237286b5b26acd276fcb758d13cd7cb567e99"},
    {file = "ml_dtypes-0.3.1-cp311-cp311-win_amd64.whl", hash = "sha256:cb0c404e0dd3e25b56362c1c1e5de0ef717f727dde59fa721af4ce6ab2acca44"},
    {file = "ml_dtypes-0.3.1-cp312-cp312-macosx_10_9_universal2.whl", hash = "sha256:3d8ca0acbd377082792d8b97081ba580abdad67c6afb7f827012c675b052f058"},
    {file = "ml_dtypes-0.3.1-cp312-cp312-manylinux_2_17_aarch64.manylinux2014_aarch64.whl", hash = "sha256:4828b62fa3bf1ae35faa40f3db9a38ec72fbce02f328a1d14c3a9da4606af364"},
    {file = "ml_dtypes-0.3.1-cp312-cp312-manylinux_2_17_x86_64.manylinux2014_x86_64.whl", hash = "sha256:d1a8dc3bac1da2a17d0e2e4cba36ee89721d0bd33ea4765af2eefb5f41409e0f"},
    {file = "ml_dtypes-0.3.1-cp312-cp312-win_amd64.whl", hash = "sha256:a777928dcba8865ab4a8157eeb25d23aed7bc82e5fd74e1d5eca821d3f148b39"},
    {file = "ml_dtypes-0.3.1-cp39-cp39-macosx_10_9_universal2.whl", hash = "sha256:438437e2e614a3c91d75581653b6c40ec890e8b5994d7190a90c931740151c95"},
    {file = "ml_dtypes-0.3.1-cp39-cp39-manylinux_2_17_aarch64.manylinux2014_aarch64.whl", hash = "sha256:70984b473db6489ec1d8c79b082a1322105155193049d08a3b0c515094e9777b"},
    {file = "ml_dtypes-0.3.1-cp39-cp39-manylinux_2_17_x86_64.manylinux2014_x86_64.whl", hash = "sha256:4d94b2d1bed77284694f7fd0479640fa7aa5d96433dca3cbcec407a5ef752e77"},
    {file = "ml_dtypes-0.3.1-cp39-cp39-win_amd64.whl", hash = "sha256:979d7d196d9a17e0135ae22878f74241fbd3522cef58d7b292f1fd5b32282201"},
    {file = "ml_dtypes-0.3.1.tar.gz", hash = "sha256:60778f99194b4c4f36ba42da200b35ef851ce4d4af698aaf70f5b91fe70fc611"},
]

[package.dependencies]
numpy = [
    {version = ">=1.23.3", markers = "python_version > \"3.10\" and python_version <= \"3.12\""},
    {version = ">=1.21.2", markers = "python_version > \"3.9\" and python_version <= \"3.10\""},
]

[package.extras]
dev = ["absl-py", "pyink", "pylint (>=2.6.0)", "pytest", "pytest-xdist"]

[[package]]
name = "numpy"
version = "1.25.2"
description = "Fundamental package for array computing in Python"
optional = false
python-versions = ">=3.9"
files = [
    {file = "numpy-1.25.2-cp310-cp310-macosx_10_9_x86_64.whl", hash = "sha256:db3ccc4e37a6873045580d413fe79b68e47a681af8db2e046f1dacfa11f86eb3"},
    {file = "numpy-1.25.2-cp310-cp310-macosx_11_0_arm64.whl", hash = "sha256:90319e4f002795ccfc9050110bbbaa16c944b1c37c0baeea43c5fb881693ae1f"},
    {file = "numpy-1.25.2-cp310-cp310-manylinux_2_17_aarch64.manylinux2014_aarch64.whl", hash = "sha256:dfe4a913e29b418d096e696ddd422d8a5d13ffba4ea91f9f60440a3b759b0187"},
    {file = "numpy-1.25.2-cp310-cp310-manylinux_2_17_x86_64.manylinux2014_x86_64.whl", hash = "sha256:f08f2e037bba04e707eebf4bc934f1972a315c883a9e0ebfa8a7756eabf9e357"},
    {file = "numpy-1.25.2-cp310-cp310-musllinux_1_1_x86_64.whl", hash = "sha256:bec1e7213c7cb00d67093247f8c4db156fd03075f49876957dca4711306d39c9"},
    {file = "numpy-1.25.2-cp310-cp310-win32.whl", hash = "sha256:7dc869c0c75988e1c693d0e2d5b26034644399dd929bc049db55395b1379e044"},
    {file = "numpy-1.25.2-cp310-cp310-win_amd64.whl", hash = "sha256:834b386f2b8210dca38c71a6e0f4fd6922f7d3fcff935dbe3a570945acb1b545"},
    {file = "numpy-1.25.2-cp311-cp311-macosx_10_9_x86_64.whl", hash = "sha256:c5462d19336db4560041517dbb7759c21d181a67cb01b36ca109b2ae37d32418"},
    {file = "numpy-1.25.2-cp311-cp311-macosx_11_0_arm64.whl", hash = "sha256:c5652ea24d33585ea39eb6a6a15dac87a1206a692719ff45d53c5282e66d4a8f"},
    {file = "numpy-1.25.2-cp311-cp311-manylinux_2_17_aarch64.manylinux2014_aarch64.whl", hash = "sha256:0d60fbae8e0019865fc4784745814cff1c421df5afee233db6d88ab4f14655a2"},
    {file = "numpy-1.25.2-cp311-cp311-manylinux_2_17_x86_64.manylinux2014_x86_64.whl", hash = "sha256:60e7f0f7f6d0eee8364b9a6304c2845b9c491ac706048c7e8cf47b83123b8dbf"},
    {file = "numpy-1.25.2-cp311-cp311-musllinux_1_1_x86_64.whl", hash = "sha256:bb33d5a1cf360304754913a350edda36d5b8c5331a8237268c48f91253c3a364"},
    {file = "numpy-1.25.2-cp311-cp311-win32.whl", hash = "sha256:5883c06bb92f2e6c8181df7b39971a5fb436288db58b5a1c3967702d4278691d"},
    {file = "numpy-1.25.2-cp311-cp311-win_amd64.whl", hash = "sha256:5c97325a0ba6f9d041feb9390924614b60b99209a71a69c876f71052521d42a4"},
    {file = "numpy-1.25.2-cp39-cp39-macosx_10_9_x86_64.whl", hash = "sha256:b79e513d7aac42ae918db3ad1341a015488530d0bb2a6abcbdd10a3a829ccfd3"},
    {file = "numpy-1.25.2-cp39-cp39-macosx_11_0_arm64.whl", hash = "sha256:eb942bfb6f84df5ce05dbf4b46673ffed0d3da59f13635ea9b926af3deb76926"},
    {file = "numpy-1.25.2-cp39-cp39-manylinux_2_17_aarch64.manylinux2014_aarch64.whl", hash = "sha256:3e0746410e73384e70d286f93abf2520035250aad8c5714240b0492a7302fdca"},
    {file = "numpy-1.25.2-cp39-cp39-manylinux_2_17_x86_64.manylinux2014_x86_64.whl", hash = "sha256:d7806500e4f5bdd04095e849265e55de20d8cc4b661b038957354327f6d9b295"},
    {file = "numpy-1.25.2-cp39-cp39-musllinux_1_1_x86_64.whl", hash = "sha256:8b77775f4b7df768967a7c8b3567e309f617dd5e99aeb886fa14dc1a0791141f"},
    {file = "numpy-1.25.2-cp39-cp39-win32.whl", hash = "sha256:2792d23d62ec51e50ce4d4b7d73de8f67a2fd3ea710dcbc8563a51a03fb07b01"},
    {file = "numpy-1.25.2-cp39-cp39-win_amd64.whl", hash = "sha256:76b4115d42a7dfc5d485d358728cdd8719be33cc5ec6ec08632a5d6fca2ed380"},
    {file = "numpy-1.25.2-pp39-pypy39_pp73-macosx_10_9_x86_64.whl", hash = "sha256:1a1329e26f46230bf77b02cc19e900db9b52f398d6722ca853349a782d4cff55"},
    {file = "numpy-1.25.2-pp39-pypy39_pp73-manylinux_2_17_x86_64.manylinux2014_x86_64.whl", hash = "sha256:4c3abc71e8b6edba80a01a52e66d83c5d14433cbcd26a40c329ec7ed09f37901"},
    {file = "numpy-1.25.2-pp39-pypy39_pp73-win_amd64.whl", hash = "sha256:1b9735c27cea5d995496f46a8b1cd7b408b3f34b6d50459d9ac8fe3a20cc17bf"},
    {file = "numpy-1.25.2.tar.gz", hash = "sha256:fd608e19c8d7c55021dffd43bfe5492fab8cc105cc8986f813f8c3c048b38760"},
]

[[package]]
name = "opt-einsum"
version = "3.3.0"
description = "Optimizing numpys einsum function"
optional = false
python-versions = ">=3.5"
files = [
    {file = "opt_einsum-3.3.0-py3-none-any.whl", hash = "sha256:2455e59e3947d3c275477df7f5205b30635e266fe6dc300e3d9f9646bfcea147"},
    {file = "opt_einsum-3.3.0.tar.gz", hash = "sha256:59f6475f77bbc37dcf7cd748519c0ec60722e91e63ca114e68821c0c54a46549"},
]

[package.dependencies]
numpy = ">=1.7"

[package.extras]
docs = ["numpydoc", "sphinx (==1.2.3)", "sphinx-rtd-theme", "sphinxcontrib-napoleon"]
tests = ["pytest", "pytest-cov", "pytest-pep8"]

[[package]]
name = "pycodestyle"
version = "2.11.0"
description = "Python style guide checker"
optional = false
python-versions = ">=3.8"
files = [
    {file = "pycodestyle-2.11.0-py2.py3-none-any.whl", hash = "sha256:5d1013ba8dc7895b548be5afb05740ca82454fd899971563d2ef625d090326f8"},
    {file = "pycodestyle-2.11.0.tar.gz", hash = "sha256:259bcc17857d8a8b3b4a2327324b79e5f020a13c16074670f9c8c8f872ea76d0"},
]

[[package]]
name = "pyflakes"
version = "3.1.0"
description = "passive checker of Python programs"
optional = false
python-versions = ">=3.8"
files = [
    {file = "pyflakes-3.1.0-py2.py3-none-any.whl", hash = "sha256:4132f6d49cb4dae6819e5379898f2b8cce3c5f23994194c24b77d5da2e36f774"},
    {file = "pyflakes-3.1.0.tar.gz", hash = "sha256:a0aae034c444db0071aa077972ba4768d40c830d9539fd45bf4cd3f8f6992efc"},
]

[[package]]
name = "scipy"
version = "1.9.3"
description = "Fundamental algorithms for scientific computing in Python"
optional = false
python-versions = ">=3.8"
files = [
    {file = "scipy-1.9.3-cp310-cp310-macosx_10_9_x86_64.whl", hash = "sha256:1884b66a54887e21addf9c16fb588720a8309a57b2e258ae1c7986d4444d3bc0"},
    {file = "scipy-1.9.3-cp310-cp310-macosx_12_0_arm64.whl", hash = "sha256:83b89e9586c62e787f5012e8475fbb12185bafb996a03257e9675cd73d3736dd"},
    {file = "scipy-1.9.3-cp310-cp310-manylinux_2_17_aarch64.manylinux2014_aarch64.whl", hash = "sha256:1a72d885fa44247f92743fc20732ae55564ff2a519e8302fb7e18717c5355a8b"},
    {file = "scipy-1.9.3-cp310-cp310-manylinux_2_17_x86_64.manylinux2014_x86_64.whl", hash = "sha256:d01e1dd7b15bd2449c8bfc6b7cc67d630700ed655654f0dfcf121600bad205c9"},
    {file = "scipy-1.9.3-cp310-cp310-win_amd64.whl", hash = "sha256:68239b6aa6f9c593da8be1509a05cb7f9efe98b80f43a5861cd24c7557e98523"},
    {file = "scipy-1.9.3-cp311-cp311-macosx_10_9_x86_64.whl", hash = "sha256:b41bc822679ad1c9a5f023bc93f6d0543129ca0f37c1ce294dd9d386f0a21096"},
    {file = "scipy-1.9.3-cp311-cp311-macosx_12_0_arm64.whl", hash = "sha256:90453d2b93ea82a9f434e4e1cba043e779ff67b92f7a0e85d05d286a3625df3c"},
    {file = "scipy-1.9.3-cp311-cp311-manylinux_2_17_aarch64.manylinux2014_aarch64.whl", hash = "sha256:83c06e62a390a9167da60bedd4575a14c1f58ca9dfde59830fc42e5197283dab"},
    {file = "scipy-1.9.3-cp311-cp311-manylinux_2_17_x86_64.manylinux2014_x86_64.whl", hash = "sha256:abaf921531b5aeaafced90157db505e10345e45038c39e5d9b6c7922d68085cb"},
    {file = "scipy-1.9.3-cp311-cp311-win_amd64.whl", hash = "sha256:06d2e1b4c491dc7d8eacea139a1b0b295f74e1a1a0f704c375028f8320d16e31"},
    {file = "scipy-1.9.3-cp38-cp38-macosx_10_9_x86_64.whl", hash = "sha256:5a04cd7d0d3eff6ea4719371cbc44df31411862b9646db617c99718ff68d4840"},
    {file = "scipy-1.9.3-cp38-cp38-macosx_12_0_arm64.whl", hash = "sha256:545c83ffb518094d8c9d83cce216c0c32f8c04aaf28b92cc8283eda0685162d5"},
    {file = "scipy-1.9.3-cp38-cp38-manylinux_2_17_aarch64.manylinux2014_aarch64.whl", hash = "sha256:0d54222d7a3ba6022fdf5773931b5d7c56efe41ede7f7128c7b1637700409108"},
    {file = "scipy-1.9.3-cp38-cp38-manylinux_2_17_x86_64.manylinux2014_x86_64.whl", hash = "sha256:cff3a5295234037e39500d35316a4c5794739433528310e117b8a9a0c76d20fc"},
    {file = "scipy-1.9.3-cp38-cp38-win_amd64.whl", hash = "sha256:2318bef588acc7a574f5bfdff9c172d0b1bf2c8143d9582e05f878e580a3781e"},
    {file = "scipy-1.9.3-cp39-cp39-macosx_10_9_x86_64.whl", hash = "sha256:d644a64e174c16cb4b2e41dfea6af722053e83d066da7343f333a54dae9bc31c"},
    {file = "scipy-1.9.3-cp39-cp39-macosx_12_0_arm64.whl", hash = "sha256:da8245491d73ed0a994ed9c2e380fd058ce2fa8a18da204681f2fe1f57f98f95"},
    {file = "scipy-1.9.3-cp39-cp39-manylinux_2_17_aarch64.manylinux2014_aarch64.whl", hash = "sha256:4db5b30849606a95dcf519763dd3ab6fe9bd91df49eba517359e450a7d80ce2e"},
    {file = "scipy-1.9.3-cp39-cp39-manylinux_2_17_x86_64.manylinux2014_x86_64.whl", hash = "sha256:c68db6b290cbd4049012990d7fe71a2abd9ffbe82c0056ebe0f01df8be5436b0"},
    {file = "scipy-1.9.3-cp39-cp39-win_amd64.whl", hash = "sha256:5b88e6d91ad9d59478fafe92a7c757d00c59e3bdc3331be8ada76a4f8d683f58"},
    {file = "scipy-1.9.3.tar.gz", hash = "sha256:fbc5c05c85c1a02be77b1ff591087c83bc44579c6d2bd9fb798bb64ea5e1a027"},
]

[package.dependencies]
numpy = ">=1.18.5,<1.26.0"

[package.extras]
dev = ["flake8", "mypy", "pycodestyle", "typing_extensions"]
doc = ["matplotlib (>2)", "numpydoc", "pydata-sphinx-theme (==0.9.0)", "sphinx (!=4.1.0)", "sphinx-panels (>=0.5.2)", "sphinx-tabs"]
test = ["asv", "gmpy2", "mpmath", "pytest", "pytest-cov", "pytest-xdist", "scikit-umfpack", "threadpoolctl"]

[[package]]
name = "setuptools"
version = "68.2.2"
description = "Easily download, build, install, upgrade, and uninstall Python packages"
optional = false
python-versions = ">=3.8"
files = [
    {file = "setuptools-68.2.2-py3-none-any.whl", hash = "sha256:b454a35605876da60632df1a60f736524eb73cc47bbc9f3f1ef1b644de74fd2a"},
    {file = "setuptools-68.2.2.tar.gz", hash = "sha256:4ac1475276d2f1c48684874089fefcd83bd7162ddaafb81fac866ba0db282a87"},
]

[package.extras]
docs = ["furo", "jaraco.packaging (>=9.3)", "jaraco.tidelift (>=1.4)", "pygments-github-lexers (==0.0.5)", "rst.linker (>=1.9)", "sphinx (>=3.5)", "sphinx-favicon", "sphinx-hoverxref (<2)", "sphinx-inline-tabs", "sphinx-lint", "sphinx-notfound-page (>=1,<2)", "sphinx-reredirects", "sphinxcontrib-towncrier"]
testing = ["build[virtualenv]", "filelock (>=3.4.0)", "flake8-2020", "ini2toml[lite] (>=0.9)", "jaraco.develop (>=7.21)", "jaraco.envs (>=2.2)", "jaraco.path (>=3.2.0)", "pip (>=19.1)", "pytest (>=6)", "pytest-black (>=0.3.7)", "pytest-checkdocs (>=2.4)", "pytest-cov", "pytest-enabler (>=2.2)", "pytest-mypy (>=0.9.1)", "pytest-perf", "pytest-ruff", "pytest-timeout", "pytest-xdist", "tomli-w (>=1.0.0)", "virtualenv (>=13.0.0)", "wheel"]
testing-integration = ["build[virtualenv] (>=1.0.3)", "filelock (>=3.4.0)", "jaraco.envs (>=2.2)", "jaraco.path (>=3.2.0)", "packaging (>=23.1)", "pytest", "pytest-enabler", "pytest-xdist", "tomli", "virtualenv (>=13.0.0)", "wheel"]

[metadata]
lock-version = "2.0"
python-versions = "^3.10"
content-hash = "cf978e556a1f1e56a834b6d03228d3ced42945b2e24bccafa02b5652aa76c62f"
