# This file is automatically @generated by Poetry 1.7.1 and should not be changed by hand.

[[package]]
name = "flake8"
version = "6.1.0"
description = "the modular source code checker: pep8 pyflakes and co"
optional = false
python-versions = ">=3.8.1"
files = [
    {file = "flake8-6.1.0-py2.py3-none-any.whl", hash = "sha256:ffdfce58ea94c6580c77888a86506937f9a1a227dfcd15f245d694ae20a6b6e5"},
    {file = "flake8-6.1.0.tar.gz", hash = "sha256:d5b3857f07c030bdb5bf41c7f53799571d75c4491748a3adcd47de929e34cd23"},
]

[package.dependencies]
mccabe = ">=0.7.0,<0.8.0"
pycodestyle = ">=2.11.0,<2.12.0"
pyflakes = ">=3.1.0,<3.2.0"

[[package]]
name = "flake8-import-order"
version = "0.18.2"
description = "Flake8 and pylama plugin that checks the ordering of import statements."
optional = false
python-versions = "*"
files = [
    {file = "flake8-import-order-0.18.2.tar.gz", hash = "sha256:e23941f892da3e0c09d711babbb0c73bc735242e9b216b726616758a920d900e"},
    {file = "flake8_import_order-0.18.2-py2.py3-none-any.whl", hash = "sha256:82ed59f1083b629b030ee9d3928d9e06b6213eb196fe745b3a7d4af2168130df"},
]

[package.dependencies]
pycodestyle = "*"
setuptools = "*"

[[package]]
name = "jax"
version = "0.4.20"
description = "Differentiate, compile, and transform Numpy code."
optional = false
python-versions = ">=3.9"
files = [
    {file = "jax-0.4.20-py3-none-any.whl", hash = "sha256:3d5952197adca548d99310f1c326bf00548f1cc8652b89edb369166482c2aec2"},
    {file = "jax-0.4.20.tar.gz", hash = "sha256:ea96a763a8b1a9374639d1159ab4de163461d01cd022f67c34c09581b71ed2ac"},
]

[package.dependencies]
ml-dtypes = ">=0.2.0"
numpy = [
    {version = ">=1.26.0", markers = "python_version >= \"3.12\""},
    {version = ">=1.23.2", markers = "python_version >= \"3.11\" and python_version < \"3.12\""},
    {version = ">=1.22", markers = "python_version < \"3.11\""},
]
opt-einsum = "*"
scipy = [
    {version = ">=1.11.1", markers = "python_version >= \"3.12\""},
    {version = ">=1.9", markers = "python_version < \"3.12\""},
]

[package.extras]
australis = ["protobuf (>=3.13,<4)"]
ci = ["jaxlib (==0.4.19)"]
cpu = ["jaxlib (==0.4.20)"]
cuda = ["jaxlib (==0.4.20+cuda11.cudnn86)"]
cuda11-cudnn86 = ["jaxlib (==0.4.20+cuda11.cudnn86)"]
cuda11-local = ["jaxlib (==0.4.20+cuda11.cudnn86)"]
cuda11-pip = ["jaxlib (==0.4.20+cuda11.cudnn86)", "nvidia-cublas-cu11 (>=11.11)", "nvidia-cuda-cupti-cu11 (>=11.8)", "nvidia-cuda-nvcc-cu11 (>=11.8)", "nvidia-cuda-runtime-cu11 (>=11.8)", "nvidia-cudnn-cu11 (>=8.8)", "nvidia-cufft-cu11 (>=10.9)", "nvidia-cusolver-cu11 (>=11.4)", "nvidia-cusparse-cu11 (>=11.7)", "nvidia-nccl-cu11 (>=2.18.3)"]
cuda12-local = ["jaxlib (==0.4.20+cuda12.cudnn89)"]
cuda12-pip = ["jaxlib (==0.4.20+cuda12.cudnn89)", "nvidia-cublas-cu12 (>=12.2.5.6)", "nvidia-cuda-cupti-cu12 (>=12.2.142)", "nvidia-cuda-nvcc-cu12 (>=12.2.140)", "nvidia-cuda-runtime-cu12 (>=12.2.140)", "nvidia-cudnn-cu12 (>=8.9)", "nvidia-cufft-cu12 (>=11.0.8.103)", "nvidia-cusolver-cu12 (>=11.5.2)", "nvidia-cusparse-cu12 (>=12.1.2.141)", "nvidia-nccl-cu12 (>=2.18.3)", "nvidia-nvjitlink-cu12 (>=12.2)"]
minimum-jaxlib = ["jaxlib (==0.4.14)"]
tpu = ["jaxlib (==0.4.20)", "libtpu-nightly (==0.1.dev20231102)", "requests"]

[[package]]
name = "jaxlib"
version = "0.4.20"
description = "XLA library for JAX"
optional = false
python-versions = ">=3.9"
files = [
    {file = "jaxlib-0.4.20-cp310-cp310-macosx_10_14_x86_64.whl", hash = "sha256:8414ab610c8e18c9f405ec515902989c97446189731d45ae5861e68d54f5d131"},
    {file = "jaxlib-0.4.20-cp310-cp310-macosx_11_0_arm64.whl", hash = "sha256:b9f03f002138b3847f162ab948ded3e3849510dd59e4e7e427ff7c94ac51166a"},
    {file = "jaxlib-0.4.20-cp310-cp310-manylinux2014_aarch64.whl", hash = "sha256:13f1d86f6ec327a17881f29c22bb54d92946d2fc006d93cd2657bc102accec96"},
    {file = "jaxlib-0.4.20-cp310-cp310-manylinux2014_x86_64.whl", hash = "sha256:628d936279087a5cb2e2f6f9fa70bfc98f128d5df88bf8c9bc27bf551429a66a"},
    {file = "jaxlib-0.4.20-cp310-cp310-win_amd64.whl", hash = "sha256:50030842851afcf72c510b4656aa3a50963ffb722d3c80910b949d1e7c1a3bce"},
    {file = "jaxlib-0.4.20-cp311-cp311-macosx_10_14_x86_64.whl", hash = "sha256:9d39f26b0538360abd55313aa03b847d1ea224f472f84fd52edf7c714e9e5b83"},
    {file = "jaxlib-0.4.20-cp311-cp311-macosx_11_0_arm64.whl", hash = "sha256:8f5dc1afae1c29ed21161fdc3016ce32e4d7a9ab80bd2284f8acc498ded4e910"},
    {file = "jaxlib-0.4.20-cp311-cp311-manylinux2014_aarch64.whl", hash = "sha256:3149d7ad3a4c660a5e83f98ee546b3b4780a6ca5c3adc13b5de12e3abdfb289d"},
    {file = "jaxlib-0.4.20-cp311-cp311-manylinux2014_x86_64.whl", hash = "sha256:e4dd278214c1aec6bb77c92df21642da086a97108d0bb53c0290f43c6ec31e7f"},
    {file = "jaxlib-0.4.20-cp311-cp311-win_amd64.whl", hash = "sha256:019ff27da77f071e198c86703421a7365b57d2a7348b74f29d026fb5a1dd8707"},
    {file = "jaxlib-0.4.20-cp312-cp312-macosx_10_14_x86_64.whl", hash = "sha256:d45f7c25edab30924aae4b08fc4540b17f67f9d3a99837a151e01a32afc163ba"},
    {file = "jaxlib-0.4.20-cp312-cp312-macosx_11_0_arm64.whl", hash = "sha256:56a4c2e5e8031da0c8bf055adec01cf5276d7740b01057178c353f8b9e21f38e"},
    {file = "jaxlib-0.4.20-cp312-cp312-manylinux2014_aarch64.whl", hash = "sha256:67701a1fa4cb65a170c312e1a9149d78bb383870d1a77cc537154611689db012"},
    {file = "jaxlib-0.4.20-cp312-cp312-manylinux2014_x86_64.whl", hash = "sha256:a8f3286bb72ca3b0d1056b82250a22384ccb3cbde6efa30f659318999523e34d"},
    {file = "jaxlib-0.4.20-cp312-cp312-win_amd64.whl", hash = "sha256:1816b0e5710558e354a6458dfb9cfe032025a6ccb50ed3d6c29b5e84e5f21ad2"},
    {file = "jaxlib-0.4.20-cp39-cp39-macosx_10_14_x86_64.whl", hash = "sha256:c2f6ba2e44a89041cdf9640b09a9dc542ed8048c5f2263ec4290752f315ccaa3"},
    {file = "jaxlib-0.4.20-cp39-cp39-macosx_11_0_arm64.whl", hash = "sha256:771227bfcfda4221ec37b0e949cb996a8d99c870e317401a4ea503034aaa83f3"},
    {file = "jaxlib-0.4.20-cp39-cp39-manylinux2014_aarch64.whl", hash = "sha256:4d732a2d44e35684eba4ad0507f6e4ab68a81ed56e90b3948a303fd355e2587f"},
    {file = "jaxlib-0.4.20-cp39-cp39-manylinux2014_x86_64.whl", hash = "sha256:78813eaf3e71e411243bce739dc21613ca7fc033f157c6e75497478a49d2f7df"},
    {file = "jaxlib-0.4.20-cp39-cp39-win_amd64.whl", hash = "sha256:5153aa83bc737d008df66d0378140f3c82548fefc474bd084384745cd3f54cab"},
]

[package.dependencies]
ml-dtypes = ">=0.2.0"
numpy = ">=1.22"
scipy = [
    {version = ">=1.11.1", markers = "python_version >= \"3.12\""},
    {version = ">=1.9", markers = "python_version < \"3.12\""},
]

[package.extras]
cuda11-pip = ["nvidia-cublas-cu11 (>=11.11)", "nvidia-cuda-cupti-cu11 (>=11.8)", "nvidia-cuda-nvcc-cu11 (>=11.8)", "nvidia-cuda-runtime-cu11 (>=11.8)", "nvidia-cudnn-cu11 (>=8.8)", "nvidia-cufft-cu11 (>=10.9)", "nvidia-cusolver-cu11 (>=11.4)", "nvidia-cusparse-cu11 (>=11.7)"]
cuda12-pip = ["nvidia-cublas-cu12", "nvidia-cuda-cupti-cu12", "nvidia-cuda-nvcc-cu12", "nvidia-cuda-runtime-cu12", "nvidia-cudnn-cu12 (>=8.9)", "nvidia-cufft-cu12", "nvidia-cusolver-cu12", "nvidia-cusparse-cu12"]

[[package]]
name = "mccabe"
version = "0.7.0"
description = "McCabe checker, plugin for flake8"
optional = false
python-versions = ">=3.6"
files = [
    {file = "mccabe-0.7.0-py2.py3-none-any.whl", hash = "sha256:6c2d30ab6be0e4a46919781807b4f0d834ebdd6c6e3dca0bda5a15f863427b6e"},
    {file = "mccabe-0.7.0.tar.gz", hash = "sha256:348e0240c33b60bbdf4e523192ef919f28cb2c3d7d5c7794f74009290f236325"},
]

[[package]]
name = "ml-dtypes"
version = "0.3.1"
description = ""
optional = false
python-versions = ">=3.9"
files = [
    {file = "ml_dtypes-0.3.1-cp310-cp310-macosx_10_9_universal2.whl", hash = "sha256:510d249a91face47211762eb294d6fe64f325356b965fb6388c1bf51bd339267"},
    {file = "ml_dtypes-0.3.1-cp310-cp310-manylinux_2_17_aarch64.manylinux2014_aarch64.whl", hash = "sha256:f83ff080df8910c0f987f615b03e4f8198638e0c00c6e679ea8892dda909763b"},
    {file = "ml_dtypes-0.3.1-cp310-cp310-manylinux_2_17_x86_64.manylinux2014_x86_64.whl", hash = "sha256:fcae2c69715410d96906e1dfe8f017d9f78a0d10e0df91aae52e91f51fdfe45e"},
    {file = "ml_dtypes-0.3.1-cp310-cp310-win_amd64.whl", hash = "sha256:da274599e4950a9b488d21571061f49a185537cc77f2d3f8121151d58a9e9f16"},
    {file = "ml_dtypes-0.3.1-cp311-cp311-macosx_10_9_universal2.whl", hash = "sha256:5e0b0b6bb07fa5ad11bb61d174667176bee5e05857225067aabfc5adc1b51d23"},
    {file = "ml_dtypes-0.3.1-cp311-cp311-manylinux_2_17_aarch64.manylinux2014_aarch64.whl", hash = "sha256:5727effa7650f7ab10906542d137cfb3244fdc3b2b519beff42f82def8ba59be"},
    {file = "ml_dtypes-0.3.1-cp311-cp311-manylinux_2_17_x86_64.manylinux2014_x86_64.whl", hash = "sha256:42a8980afd8b7c8e270e8b5c260237286b5b26acd276fcb758d13cd7cb567e99"},
    {file = "ml_dtypes-0.3.1-cp311-cp311-win_amd64.whl", hash = "sha256:cb0c404e0dd3e25b56362c1c1e5de0ef717f727dde59fa721af4ce6ab2acca44"},
    {file = "ml_dtypes-0.3.1-cp312-cp312-macosx_10_9_universal2.whl", hash = "sha256:3d8ca0acbd377082792d8b97081ba580abdad67c6afb7f827012c675b052f058"},
    {file = "ml_dtypes-0.3.1-cp312-cp312-manylinux_2_17_aarch64.manylinux2014_aarch64.whl", hash = "sha256:4828b62fa3bf1ae35faa40f3db9a38ec72fbce02f328a1d14c3a9da4606af364"},
    {file = "ml_dtypes-0.3.1-cp312-cp312-manylinux_2_17_x86_64.manylinux2014_x86_64.whl", hash = "sha256:d1a8dc3bac1da2a17d0e2e4cba36ee89721d0bd33ea4765af2eefb5f41409e0f"},
    {file = "ml_dtypes-0.3.1-cp312-cp312-win_amd64.whl", hash = "sha256:a777928dcba8865ab4a8157eeb25d23aed7bc82e5fd74e1d5eca821d3f148b39"},
    {file = "ml_dtypes-0.3.1-cp39-cp39-macosx_10_9_universal2.whl", hash = "sha256:438437e2e614a3c91d75581653b6c40ec890e8b5994d7190a90c931740151c95"},
    {file = "ml_dtypes-0.3.1-cp39-cp39-manylinux_2_17_aarch64.manylinux2014_aarch64.whl", hash = "sha256:70984b473db6489ec1d8c79b082a1322105155193049d08a3b0c515094e9777b"},
    {file = "ml_dtypes-0.3.1-cp39-cp39-manylinux_2_17_x86_64.manylinux2014_x86_64.whl", hash = "sha256:4d94b2d1bed77284694f7fd0479640fa7aa5d96433dca3cbcec407a5ef752e77"},
    {file = "ml_dtypes-0.3.1-cp39-cp39-win_amd64.whl", hash = "sha256:979d7d196d9a17e0135ae22878f74241fbd3522cef58d7b292f1fd5b32282201"},
    {file = "ml_dtypes-0.3.1.tar.gz", hash = "sha256:60778f99194b4c4f36ba42da200b35ef851ce4d4af698aaf70f5b91fe70fc611"},
]

[package.dependencies]
numpy = [
    {version = ">=1.26.0", markers = "python_version > \"3.12\""},
    {version = ">=1.23.3", markers = "python_version > \"3.10\" and python_version <= \"3.12\""},
    {version = ">=1.21.2", markers = "python_version > \"3.9\" and python_version <= \"3.10\""},
]

[package.extras]
dev = ["absl-py", "pyink", "pylint (>=2.6.0)", "pytest", "pytest-xdist"]

[[package]]
name = "numpy"
version = "1.26.2"
description = "Fundamental package for array computing in Python"
optional = false
python-versions = ">=3.9"
files = [
    {file = "numpy-1.26.2-cp310-cp310-macosx_10_9_x86_64.whl", hash = "sha256:3703fc9258a4a122d17043e57b35e5ef1c5a5837c3db8be396c82e04c1cf9b0f"},
    {file = "numpy-1.26.2-cp310-cp310-macosx_11_0_arm64.whl", hash = "sha256:cc392fdcbd21d4be6ae1bb4475a03ce3b025cd49a9be5345d76d7585aea69440"},
    {file = "numpy-1.26.2-cp310-cp310-manylinux_2_17_aarch64.manylinux2014_aarch64.whl", hash = "sha256:36340109af8da8805d8851ef1d74761b3b88e81a9bd80b290bbfed61bd2b4f75"},
    {file = "numpy-1.26.2-cp310-cp310-manylinux_2_17_x86_64.manylinux2014_x86_64.whl", hash = "sha256:bcc008217145b3d77abd3e4d5ef586e3bdfba8fe17940769f8aa09b99e856c00"},
    {file = "numpy-1.26.2-cp310-cp310-musllinux_1_1_aarch64.whl", hash = "sha256:3ced40d4e9e18242f70dd02d739e44698df3dcb010d31f495ff00a31ef6014fe"},
    {file = "numpy-1.26.2-cp310-cp310-musllinux_1_1_x86_64.whl", hash = "sha256:b272d4cecc32c9e19911891446b72e986157e6a1809b7b56518b4f3755267523"},
    {file = "numpy-1.26.2-cp310-cp310-win32.whl", hash = "sha256:22f8fc02fdbc829e7a8c578dd8d2e15a9074b630d4da29cda483337e300e3ee9"},
    {file = "numpy-1.26.2-cp310-cp310-win_amd64.whl", hash = "sha256:26c9d33f8e8b846d5a65dd068c14e04018d05533b348d9eaeef6c1bd787f9919"},
    {file = "numpy-1.26.2-cp311-cp311-macosx_10_9_x86_64.whl", hash = "sha256:b96e7b9c624ef3ae2ae0e04fa9b460f6b9f17ad8b4bec6d7756510f1f6c0c841"},
    {file = "numpy-1.26.2-cp311-cp311-macosx_11_0_arm64.whl", hash = "sha256:aa18428111fb9a591d7a9cc1b48150097ba6a7e8299fb56bdf574df650e7d1f1"},
    {file = "numpy-1.26.2-cp311-cp311-manylinux_2_17_aarch64.manylinux2014_aarch64.whl", hash = "sha256:06fa1ed84aa60ea6ef9f91ba57b5ed963c3729534e6e54055fc151fad0423f0a"},
    {file = "numpy-1.26.2-cp311-cp311-manylinux_2_17_x86_64.manylinux2014_x86_64.whl", hash = "sha256:96ca5482c3dbdd051bcd1fce8034603d6ebfc125a7bd59f55b40d8f5d246832b"},
    {file = "numpy-1.26.2-cp311-cp311-musllinux_1_1_aarch64.whl", hash = "sha256:854ab91a2906ef29dc3925a064fcd365c7b4da743f84b123002f6139bcb3f8a7"},
    {file = "numpy-1.26.2-cp311-cp311-musllinux_1_1_x86_64.whl", hash = "sha256:f43740ab089277d403aa07567be138fc2a89d4d9892d113b76153e0e412409f8"},
    {file = "numpy-1.26.2-cp311-cp311-win32.whl", hash = "sha256:a2bbc29fcb1771cd7b7425f98b05307776a6baf43035d3b80c4b0f29e9545186"},
    {file = "numpy-1.26.2-cp311-cp311-win_amd64.whl", hash = "sha256:2b3fca8a5b00184828d12b073af4d0fc5fdd94b1632c2477526f6bd7842d700d"},
    {file = "numpy-1.26.2-cp312-cp312-macosx_10_9_x86_64.whl", hash = "sha256:a4cd6ed4a339c21f1d1b0fdf13426cb3b284555c27ac2f156dfdaaa7e16bfab0"},
    {file = "numpy-1.26.2-cp312-cp312-macosx_11_0_arm64.whl", hash = "sha256:5d5244aabd6ed7f312268b9247be47343a654ebea52a60f002dc70c769048e75"},
    {file = "numpy-1.26.2-cp312-cp312-manylinux_2_17_aarch64.manylinux2014_aarch64.whl", hash = "sha256:6a3cdb4d9c70e6b8c0814239ead47da00934666f668426fc6e94cce869e13fd7"},
    {file = "numpy-1.26.2-cp312-cp312-manylinux_2_17_x86_64.manylinux2014_x86_64.whl", hash = "sha256:aa317b2325f7aa0a9471663e6093c210cb2ae9c0ad824732b307d2c51983d5b6"},
    {file = "numpy-1.26.2-cp312-cp312-musllinux_1_1_aarch64.whl", hash = "sha256:174a8880739c16c925799c018f3f55b8130c1f7c8e75ab0a6fa9d41cab092fd6"},
    {file = "numpy-1.26.2-cp312-cp312-musllinux_1_1_x86_64.whl", hash = "sha256:f79b231bf5c16b1f39c7f4875e1ded36abee1591e98742b05d8a0fb55d8a3eec"},
    {file = "numpy-1.26.2-cp312-cp312-win32.whl", hash = "sha256:4a06263321dfd3598cacb252f51e521a8cb4b6df471bb12a7ee5cbab20ea9167"},
    {file = "numpy-1.26.2-cp312-cp312-win_amd64.whl", hash = "sha256:b04f5dc6b3efdaab541f7857351aac359e6ae3c126e2edb376929bd3b7f92d7e"},
    {file = "numpy-1.26.2-cp39-cp39-macosx_10_9_x86_64.whl", hash = "sha256:4eb8df4bf8d3d90d091e0146f6c28492b0be84da3e409ebef54349f71ed271ef"},
    {file = "numpy-1.26.2-cp39-cp39-macosx_11_0_arm64.whl", hash = "sha256:1a13860fdcd95de7cf58bd6f8bc5a5ef81c0b0625eb2c9a783948847abbef2c2"},
    {file = "numpy-1.26.2-cp39-cp39-manylinux_2_17_aarch64.manylinux2014_aarch64.whl", hash = "sha256:64308ebc366a8ed63fd0bf426b6a9468060962f1a4339ab1074c228fa6ade8e3"},
    {file = "numpy-1.26.2-cp39-cp39-manylinux_2_17_x86_64.manylinux2014_x86_64.whl", hash = "sha256:baf8aab04a2c0e859da118f0b38617e5ee65d75b83795055fb66c0d5e9e9b818"},
    {file = "numpy-1.26.2-cp39-cp39-musllinux_1_1_aarch64.whl", hash = "sha256:d73a3abcac238250091b11caef9ad12413dab01669511779bc9b29261dd50210"},
    {file = "numpy-1.26.2-cp39-cp39-musllinux_1_1_x86_64.whl", hash = "sha256:b361d369fc7e5e1714cf827b731ca32bff8d411212fccd29ad98ad622449cc36"},
    {file = "numpy-1.26.2-cp39-cp39-win32.whl", hash = "sha256:bd3f0091e845164a20bd5a326860c840fe2af79fa12e0469a12768a3ec578d80"},
    {file = "numpy-1.26.2-cp39-cp39-win_amd64.whl", hash = "sha256:2beef57fb031dcc0dc8fa4fe297a742027b954949cabb52a2a376c144e5e6060"},
    {file = "numpy-1.26.2-pp39-pypy39_pp73-macosx_10_9_x86_64.whl", hash = "sha256:1cc3d5029a30fb5f06704ad6b23b35e11309491c999838c31f124fee32107c79"},
    {file = "numpy-1.26.2-pp39-pypy39_pp73-manylinux_2_17_x86_64.manylinux2014_x86_64.whl", hash = "sha256:94cc3c222bb9fb5a12e334d0479b97bb2df446fbe622b470928f5284ffca3f8d"},
    {file = "numpy-1.26.2-pp39-pypy39_pp73-win_amd64.whl", hash = "sha256:fe6b44fb8fcdf7eda4ef4461b97b3f63c466b27ab151bec2366db8b197387841"},
    {file = "numpy-1.26.2.tar.gz", hash = "sha256:f65738447676ab5777f11e6bbbdb8ce11b785e105f690bc45966574816b6d3ea"},
]

[[package]]
name = "opt-einsum"
version = "3.3.0"
description = "Optimizing numpys einsum function"
optional = false
python-versions = ">=3.5"
files = [
    {file = "opt_einsum-3.3.0-py3-none-any.whl", hash = "sha256:2455e59e3947d3c275477df7f5205b30635e266fe6dc300e3d9f9646bfcea147"},
    {file = "opt_einsum-3.3.0.tar.gz", hash = "sha256:59f6475f77bbc37dcf7cd748519c0ec60722e91e63ca114e68821c0c54a46549"},
]

[package.dependencies]
numpy = ">=1.7"

[package.extras]
docs = ["numpydoc", "sphinx (==1.2.3)", "sphinx-rtd-theme", "sphinxcontrib-napoleon"]
tests = ["pytest", "pytest-cov", "pytest-pep8"]

[[package]]
name = "pycodestyle"
version = "2.11.1"
description = "Python style guide checker"
optional = false
python-versions = ">=3.8"
files = [
    {file = "pycodestyle-2.11.1-py2.py3-none-any.whl", hash = "sha256:44fe31000b2d866f2e41841b18528a505fbd7fef9017b04eff4e2648a0fadc67"},
    {file = "pycodestyle-2.11.1.tar.gz", hash = "sha256:41ba0e7afc9752dfb53ced5489e89f8186be00e599e712660695b7a75ff2663f"},
]

[[package]]
name = "pyflakes"
version = "3.1.0"
description = "passive checker of Python programs"
optional = false
python-versions = ">=3.8"
files = [
    {file = "pyflakes-3.1.0-py2.py3-none-any.whl", hash = "sha256:4132f6d49cb4dae6819e5379898f2b8cce3c5f23994194c24b77d5da2e36f774"},
    {file = "pyflakes-3.1.0.tar.gz", hash = "sha256:a0aae034c444db0071aa077972ba4768d40c830d9539fd45bf4cd3f8f6992efc"},
]

[[package]]
name = "scipy"
version = "1.11.4"
description = "Fundamental algorithms for scientific computing in Python"
optional = false
python-versions = ">=3.9"
files = [
    {file = "scipy-1.11.4-cp310-cp310-macosx_10_9_x86_64.whl", hash = "sha256:bc9a714581f561af0848e6b69947fda0614915f072dfd14142ed1bfe1b806710"},
    {file = "scipy-1.11.4-cp310-cp310-macosx_12_0_arm64.whl", hash = "sha256:cf00bd2b1b0211888d4dc75656c0412213a8b25e80d73898083f402b50f47e41"},
    {file = "scipy-1.11.4-cp310-cp310-manylinux_2_17_aarch64.manylinux2014_aarch64.whl", hash = "sha256:b9999c008ccf00e8fbcce1236f85ade5c569d13144f77a1946bef8863e8f6eb4"},
    {file = "scipy-1.11.4-cp310-cp310-manylinux_2_17_x86_64.manylinux2014_x86_64.whl", hash = "sha256:933baf588daa8dc9a92c20a0be32f56d43faf3d1a60ab11b3f08c356430f6e56"},
    {file = "scipy-1.11.4-cp310-cp310-musllinux_1_1_x86_64.whl", hash = "sha256:8fce70f39076a5aa62e92e69a7f62349f9574d8405c0a5de6ed3ef72de07f446"},
    {file = "scipy-1.11.4-cp310-cp310-win_amd64.whl", hash = "sha256:6550466fbeec7453d7465e74d4f4b19f905642c89a7525571ee91dd7adabb5a3"},
    {file = "scipy-1.11.4-cp311-cp311-macosx_10_9_x86_64.whl", hash = "sha256:f313b39a7e94f296025e3cffc2c567618174c0b1dde173960cf23808f9fae4be"},
    {file = "scipy-1.11.4-cp311-cp311-macosx_12_0_arm64.whl", hash = "sha256:1b7c3dca977f30a739e0409fb001056484661cb2541a01aba0bb0029f7b68db8"},
    {file = "scipy-1.11.4-cp311-cp311-manylinux_2_17_aarch64.manylinux2014_aarch64.whl", hash = "sha256:00150c5eae7b610c32589dda259eacc7c4f1665aedf25d921907f4d08a951b1c"},
    {file = "scipy-1.11.4-cp311-cp311-manylinux_2_17_x86_64.manylinux2014_x86_64.whl", hash = "sha256:530f9ad26440e85766509dbf78edcfe13ffd0ab7fec2560ee5c36ff74d6269ff"},
    {file = "scipy-1.11.4-cp311-cp311-musllinux_1_1_x86_64.whl", hash = "sha256:5e347b14fe01003d3b78e196e84bd3f48ffe4c8a7b8a1afbcb8f5505cb710993"},
    {file = "scipy-1.11.4-cp311-cp311-win_amd64.whl", hash = "sha256:acf8ed278cc03f5aff035e69cb511741e0418681d25fbbb86ca65429c4f4d9cd"},
    {file = "scipy-1.11.4-cp312-cp312-macosx_10_9_x86_64.whl", hash = "sha256:028eccd22e654b3ea01ee63705681ee79933652b2d8f873e7949898dda6d11b6"},
    {file = "scipy-1.11.4-cp312-cp312-macosx_12_0_arm64.whl", hash = "sha256:2c6ff6ef9cc27f9b3db93a6f8b38f97387e6e0591600369a297a50a8e96e835d"},
    {file = "scipy-1.11.4-cp312-cp312-manylinux_2_17_aarch64.manylinux2014_aarch64.whl", hash = "sha256:b030c6674b9230d37c5c60ab456e2cf12f6784596d15ce8da9365e70896effc4"},
    {file = "scipy-1.11.4-cp312-cp312-manylinux_2_17_x86_64.manylinux2014_x86_64.whl", hash = "sha256:ad669df80528aeca5f557712102538f4f37e503f0c5b9541655016dd0932ca79"},
    {file = "scipy-1.11.4-cp312-cp312-musllinux_1_1_x86_64.whl", hash = "sha256:ce7fff2e23ab2cc81ff452a9444c215c28e6305f396b2ba88343a567feec9660"},
    {file = "scipy-1.11.4-cp312-cp312-win_amd64.whl", hash = "sha256:36750b7733d960d7994888f0d148d31ea3017ac15eef664194b4ef68d36a4a97"},
    {file = "scipy-1.11.4-cp39-cp39-macosx_10_9_x86_64.whl", hash = "sha256:6e619aba2df228a9b34718efb023966da781e89dd3d21637b27f2e54db0410d7"},
    {file = "scipy-1.11.4-cp39-cp39-macosx_12_0_arm64.whl", hash = "sha256:f3cd9e7b3c2c1ec26364856f9fbe78695fe631150f94cd1c22228456404cf1ec"},
    {file = "scipy-1.11.4-cp39-cp39-manylinux_2_17_aarch64.manylinux2014_aarch64.whl", hash = "sha256:d10e45a6c50211fe256da61a11c34927c68f277e03138777bdebedd933712fea"},
    {file = "scipy-1.11.4-cp39-cp39-manylinux_2_17_x86_64.manylinux2014_x86_64.whl", hash = "sha256:91af76a68eeae0064887a48e25c4e616fa519fa0d38602eda7e0f97d65d57937"},
    {file = "scipy-1.11.4-cp39-cp39-musllinux_1_1_x86_64.whl", hash = "sha256:6df1468153a31cf55ed5ed39647279beb9cfb5d3f84369453b49e4b8502394fd"},
    {file = "scipy-1.11.4-cp39-cp39-win_amd64.whl", hash = "sha256:ee410e6de8f88fd5cf6eadd73c135020bfbbbdfcd0f6162c36a7638a1ea8cc65"},
    {file = "scipy-1.11.4.tar.gz", hash = "sha256:90a2b78e7f5733b9de748f589f09225013685f9b218275257f8a8168ededaeaa"},
]

[package.dependencies]
numpy = ">=1.21.6,<1.28.0"

[package.extras]
dev = ["click", "cython-lint (>=0.12.2)", "doit (>=0.36.0)", "mypy", "pycodestyle", "pydevtool", "rich-click", "ruff", "types-psutil", "typing_extensions"]
doc = ["jupytext", "matplotlib (>2)", "myst-nb", "numpydoc", "pooch", "pydata-sphinx-theme (==0.9.0)", "sphinx (!=4.1.0)", "sphinx-design (>=0.2.0)"]
test = ["asv", "gmpy2", "mpmath", "pooch", "pytest", "pytest-cov", "pytest-timeout", "pytest-xdist", "scikit-umfpack", "threadpoolctl"]

[[package]]
name = "setuptools"
version = "69.0.0"
description = "Easily download, build, install, upgrade, and uninstall Python packages"
optional = false
python-versions = ">=3.8"
files = [
    {file = "setuptools-69.0.0-py3-none-any.whl", hash = "sha256:eb03b43f23910c5fd0909cb677ad017cd9531f493d27f8b3f5316ff1fb07390e"},
    {file = "setuptools-69.0.0.tar.gz", hash = "sha256:4c65d4f7891e5b046e9146913b87098144de2ca2128fbc10135b8556a6ddd946"},
]

[package.extras]
docs = ["furo", "jaraco.packaging (>=9.3)", "jaraco.tidelift (>=1.4)", "pygments-github-lexers (==0.0.5)", "rst.linker (>=1.9)", "sphinx (<7.2.5)", "sphinx (>=3.5)", "sphinx-favicon", "sphinx-inline-tabs", "sphinx-lint", "sphinx-notfound-page (>=1,<2)", "sphinx-reredirects", "sphinxcontrib-towncrier"]
testing = ["build[virtualenv]", "filelock (>=3.4.0)", "flake8-2020", "ini2toml[lite] (>=0.9)", "jaraco.develop (>=7.21)", "jaraco.envs (>=2.2)", "jaraco.path (>=3.2.0)", "pip (>=19.1)", "pytest (>=6)", "pytest-black (>=0.3.7)", "pytest-checkdocs (>=2.4)", "pytest-cov", "pytest-enabler (>=2.2)", "pytest-mypy (>=0.9.1)", "pytest-perf", "pytest-ruff", "pytest-timeout", "pytest-xdist", "tomli-w (>=1.0.0)", "virtualenv (>=13.0.0)", "wheel"]
testing-integration = ["build[virtualenv] (>=1.0.3)", "filelock (>=3.4.0)", "jaraco.envs (>=2.2)", "jaraco.path (>=3.2.0)", "packaging (>=23.1)", "pytest", "pytest-enabler", "pytest-xdist", "tomli", "virtualenv (>=13.0.0)", "wheel"]

[metadata]
lock-version = "2.0"
python-versions = "^3.10"
content-hash = "cf978e556a1f1e56a834b6d03228d3ced42945b2e24bccafa02b5652aa76c62f"
